// !$*UTF8*$!
{
	archiveVersion = 1;
	classes = {
	};
	objectVersion = 46;
	objects = {

/* Begin PBXBuildFile section */
		4A44B5C41F0E020A00845C15 /* AppDelegate.swift in Sources */ = {isa = PBXBuildFile; fileRef = 4A44B5C31F0E020A00845C15 /* AppDelegate.swift */; };
		4A44B5C61F0E020A00845C15 /* FirstViewController.swift in Sources */ = {isa = PBXBuildFile; fileRef = 4A44B5C51F0E020A00845C15 /* FirstViewController.swift */; };
		4A44B5C81F0E020A00845C15 /* SecondViewController.swift in Sources */ = {isa = PBXBuildFile; fileRef = 4A44B5C71F0E020A00845C15 /* SecondViewController.swift */; };
		4A44B5CB1F0E020A00845C15 /* Main.storyboard in Resources */ = {isa = PBXBuildFile; fileRef = 4A44B5C91F0E020A00845C15 /* Main.storyboard */; };
		4A44B5CD1F0E020A00845C15 /* Assets.xcassets in Resources */ = {isa = PBXBuildFile; fileRef = 4A44B5CC1F0E020A00845C15 /* Assets.xcassets */; };
		4A44B5D01F0E020A00845C15 /* LaunchScreen.storyboard in Resources */ = {isa = PBXBuildFile; fileRef = 4A44B5CE1F0E020A00845C15 /* LaunchScreen.storyboard */; };
		4A44B5DB1F0E020A00845C15 /* iOSSwift0706Tests.swift in Sources */ = {isa = PBXBuildFile; fileRef = 4A44B5DA1F0E020A00845C15 /* iOSSwift0706Tests.swift */; };
		4A44B5E61F0E020A00845C15 /* iOSSwift0706UITests.swift in Sources */ = {isa = PBXBuildFile; fileRef = 4A44B5E51F0E020A00845C15 /* iOSSwift0706UITests.swift */; };
		80F03EE6B91EBF28365280BC /* Pods_iOSSwift0706UITests.framework in Frameworks */ = {isa = PBXBuildFile; fileRef = DBC5CBB3A1BB1BC2BCE33829 /* Pods_iOSSwift0706UITests.framework */; };
		8A5F101D64CFF4AA71513B36 /* Pods_iOSSwift0706.framework in Frameworks */ = {isa = PBXBuildFile; fileRef = 9B3BB68D2B542B44F9960D9F /* Pods_iOSSwift0706.framework */; };
		F9C5D481FF0B8EB396B305C7 /* Pods_iOSSwift0706Tests.framework in Frameworks */ = {isa = PBXBuildFile; fileRef = 42365FDA466B226E07AAC03C /* Pods_iOSSwift0706Tests.framework */; };
/* End PBXBuildFile section */

/* Begin PBXContainerItemProxy section */
		4A44B5D71F0E020A00845C15 /* PBXContainerItemProxy */ = {
			isa = PBXContainerItemProxy;
			containerPortal = 4A44B5B81F0E020A00845C15 /* Project object */;
			proxyType = 1;
			remoteGlobalIDString = 4A44B5BF1F0E020A00845C15;
			remoteInfo = iOSSwift0706;
		};
		4A44B5E21F0E020A00845C15 /* PBXContainerItemProxy */ = {
			isa = PBXContainerItemProxy;
			containerPortal = 4A44B5B81F0E020A00845C15 /* Project object */;
			proxyType = 1;
			remoteGlobalIDString = 4A44B5BF1F0E020A00845C15;
			remoteInfo = iOSSwift0706;
		};
/* End PBXContainerItemProxy section */

/* Begin PBXFileReference section */
		36E46910EF1B36B7BC28B70D /* Pods-iOSSwift0706.debug.xcconfig */ = {isa = PBXFileReference; includeInIndex = 1; lastKnownFileType = text.xcconfig; name = "Pods-iOSSwift0706.debug.xcconfig"; path = "Pods/Target Support Files/Pods-iOSSwift0706/Pods-iOSSwift0706.debug.xcconfig"; sourceTree = "<group>"; };
		42365FDA466B226E07AAC03C /* Pods_iOSSwift0706Tests.framework */ = {isa = PBXFileReference; explicitFileType = wrapper.framework; includeInIndex = 0; path = Pods_iOSSwift0706Tests.framework; sourceTree = BUILT_PRODUCTS_DIR; };
		44BAB1134DF732698452C948 /* Pods-iOSSwift0706Tests.release.xcconfig */ = {isa = PBXFileReference; includeInIndex = 1; lastKnownFileType = text.xcconfig; name = "Pods-iOSSwift0706Tests.release.xcconfig"; path = "Pods/Target Support Files/Pods-iOSSwift0706Tests/Pods-iOSSwift0706Tests.release.xcconfig"; sourceTree = "<group>"; };
		46B535578AE39BF26D75CE11 /* Pods-iOSSwift0706Tests.debug.xcconfig */ = {isa = PBXFileReference; includeInIndex = 1; lastKnownFileType = text.xcconfig; name = "Pods-iOSSwift0706Tests.debug.xcconfig"; path = "Pods/Target Support Files/Pods-iOSSwift0706Tests/Pods-iOSSwift0706Tests.debug.xcconfig"; sourceTree = "<group>"; };
		49FF3A4AB799CB2EA3164AA2 /* Pods-iOSSwift0706UITests.debug.xcconfig */ = {isa = PBXFileReference; includeInIndex = 1; lastKnownFileType = text.xcconfig; name = "Pods-iOSSwift0706UITests.debug.xcconfig"; path = "Pods/Target Support Files/Pods-iOSSwift0706UITests/Pods-iOSSwift0706UITests.debug.xcconfig"; sourceTree = "<group>"; };
		4A186C3A1F0E0AFA00BDD346 /* iOSSwift0706.entitlements */ = {isa = PBXFileReference; lastKnownFileType = text.plist.entitlements; path = iOSSwift0706.entitlements; sourceTree = "<group>"; };
		4A44B5C01F0E020A00845C15 /* iOSSwift0706.app */ = {isa = PBXFileReference; explicitFileType = wrapper.application; includeInIndex = 0; path = iOSSwift0706.app; sourceTree = BUILT_PRODUCTS_DIR; };
		4A44B5C31F0E020A00845C15 /* AppDelegate.swift */ = {isa = PBXFileReference; lastKnownFileType = sourcecode.swift; path = AppDelegate.swift; sourceTree = "<group>"; };
		4A44B5C51F0E020A00845C15 /* FirstViewController.swift */ = {isa = PBXFileReference; lastKnownFileType = sourcecode.swift; path = FirstViewController.swift; sourceTree = "<group>"; };
		4A44B5C71F0E020A00845C15 /* SecondViewController.swift */ = {isa = PBXFileReference; lastKnownFileType = sourcecode.swift; path = SecondViewController.swift; sourceTree = "<group>"; };
		4A44B5CA1F0E020A00845C15 /* Base */ = {isa = PBXFileReference; lastKnownFileType = file.storyboard; name = Base; path = Base.lproj/Main.storyboard; sourceTree = "<group>"; };
		4A44B5CC1F0E020A00845C15 /* Assets.xcassets */ = {isa = PBXFileReference; lastKnownFileType = folder.assetcatalog; path = Assets.xcassets; sourceTree = "<group>"; };
		4A44B5CF1F0E020A00845C15 /* Base */ = {isa = PBXFileReference; lastKnownFileType = file.storyboard; name = Base; path = Base.lproj/LaunchScreen.storyboard; sourceTree = "<group>"; };
		4A44B5D11F0E020A00845C15 /* Info.plist */ = {isa = PBXFileReference; lastKnownFileType = text.plist.xml; path = Info.plist; sourceTree = "<group>"; };
		4A44B5D61F0E020A00845C15 /* iOSSwift0706Tests.xctest */ = {isa = PBXFileReference; explicitFileType = wrapper.cfbundle; includeInIndex = 0; path = iOSSwift0706Tests.xctest; sourceTree = BUILT_PRODUCTS_DIR; };
		4A44B5DA1F0E020A00845C15 /* iOSSwift0706Tests.swift */ = {isa = PBXFileReference; lastKnownFileType = sourcecode.swift; path = iOSSwift0706Tests.swift; sourceTree = "<group>"; };
		4A44B5DC1F0E020A00845C15 /* Info.plist */ = {isa = PBXFileReference; lastKnownFileType = text.plist.xml; path = Info.plist; sourceTree = "<group>"; };
		4A44B5E11F0E020A00845C15 /* iOSSwift0706UITests.xctest */ = {isa = PBXFileReference; explicitFileType = wrapper.cfbundle; includeInIndex = 0; path = iOSSwift0706UITests.xctest; sourceTree = BUILT_PRODUCTS_DIR; };
		4A44B5E51F0E020A00845C15 /* iOSSwift0706UITests.swift */ = {isa = PBXFileReference; lastKnownFileType = sourcecode.swift; path = iOSSwift0706UITests.swift; sourceTree = "<group>"; };
		4A44B5E71F0E020A00845C15 /* Info.plist */ = {isa = PBXFileReference; lastKnownFileType = text.plist.xml; path = Info.plist; sourceTree = "<group>"; };
		9B3BB68D2B542B44F9960D9F /* Pods_iOSSwift0706.framework */ = {isa = PBXFileReference; explicitFileType = wrapper.framework; includeInIndex = 0; path = Pods_iOSSwift0706.framework; sourceTree = BUILT_PRODUCTS_DIR; };
		DBC5CBB3A1BB1BC2BCE33829 /* Pods_iOSSwift0706UITests.framework */ = {isa = PBXFileReference; explicitFileType = wrapper.framework; includeInIndex = 0; path = Pods_iOSSwift0706UITests.framework; sourceTree = BUILT_PRODUCTS_DIR; };
		F695BB1260E88EF192919E2C /* Pods-iOSSwift0706UITests.release.xcconfig */ = {isa = PBXFileReference; includeInIndex = 1; lastKnownFileType = text.xcconfig; name = "Pods-iOSSwift0706UITests.release.xcconfig"; path = "Pods/Target Support Files/Pods-iOSSwift0706UITests/Pods-iOSSwift0706UITests.release.xcconfig"; sourceTree = "<group>"; };
		FA62FF0DA0B21FA0F1BAECB9 /* Pods-iOSSwift0706.release.xcconfig */ = {isa = PBXFileReference; includeInIndex = 1; lastKnownFileType = text.xcconfig; name = "Pods-iOSSwift0706.release.xcconfig"; path = "Pods/Target Support Files/Pods-iOSSwift0706/Pods-iOSSwift0706.release.xcconfig"; sourceTree = "<group>"; };
/* End PBXFileReference section */

/* Begin PBXFrameworksBuildPhase section */
		4A44B5BD1F0E020A00845C15 /* Frameworks */ = {
			isa = PBXFrameworksBuildPhase;
			buildActionMask = 2147483647;
			files = (
				8A5F101D64CFF4AA71513B36 /* Pods_iOSSwift0706.framework in Frameworks */,
			);
			runOnlyForDeploymentPostprocessing = 0;
		};
		4A44B5D31F0E020A00845C15 /* Frameworks */ = {
			isa = PBXFrameworksBuildPhase;
			buildActionMask = 2147483647;
			files = (
				F9C5D481FF0B8EB396B305C7 /* Pods_iOSSwift0706Tests.framework in Frameworks */,
			);
			runOnlyForDeploymentPostprocessing = 0;
		};
		4A44B5DE1F0E020A00845C15 /* Frameworks */ = {
			isa = PBXFrameworksBuildPhase;
			buildActionMask = 2147483647;
			files = (
				80F03EE6B91EBF28365280BC /* Pods_iOSSwift0706UITests.framework in Frameworks */,
			);
			runOnlyForDeploymentPostprocessing = 0;
		};
/* End PBXFrameworksBuildPhase section */

/* Begin PBXGroup section */
		0220FFEF9565A946C8575E0A /* Frameworks */ = {
			isa = PBXGroup;
			children = (
				9B3BB68D2B542B44F9960D9F /* Pods_iOSSwift0706.framework */,
				42365FDA466B226E07AAC03C /* Pods_iOSSwift0706Tests.framework */,
				DBC5CBB3A1BB1BC2BCE33829 /* Pods_iOSSwift0706UITests.framework */,
			);
			name = Frameworks;
			sourceTree = "<group>";
		};
		4A44B5B71F0E020A00845C15 = {
			isa = PBXGroup;
			children = (
				4A44B5C21F0E020A00845C15 /* iOSSwift0706 */,
				4A44B5D91F0E020A00845C15 /* iOSSwift0706Tests */,
				4A44B5E41F0E020A00845C15 /* iOSSwift0706UITests */,
				4A44B5C11F0E020A00845C15 /* Products */,
				80889E72BF102FA9FA80AE28 /* Pods */,
				0220FFEF9565A946C8575E0A /* Frameworks */,
			);
			sourceTree = "<group>";
		};
		4A44B5C11F0E020A00845C15 /* Products */ = {
			isa = PBXGroup;
			children = (
				4A44B5C01F0E020A00845C15 /* iOSSwift0706.app */,
				4A44B5D61F0E020A00845C15 /* iOSSwift0706Tests.xctest */,
				4A44B5E11F0E020A00845C15 /* iOSSwift0706UITests.xctest */,
			);
			name = Products;
			sourceTree = "<group>";
		};
		4A44B5C21F0E020A00845C15 /* iOSSwift0706 */ = {
			isa = PBXGroup;
			children = (
				4A186C3A1F0E0AFA00BDD346 /* iOSSwift0706.entitlements */,
				4A44B5C31F0E020A00845C15 /* AppDelegate.swift */,
				4A44B5C51F0E020A00845C15 /* FirstViewController.swift */,
				4A44B5C71F0E020A00845C15 /* SecondViewController.swift */,
				4A44B5C91F0E020A00845C15 /* Main.storyboard */,
				4A44B5CC1F0E020A00845C15 /* Assets.xcassets */,
				4A44B5CE1F0E020A00845C15 /* LaunchScreen.storyboard */,
				4A44B5D11F0E020A00845C15 /* Info.plist */,
			);
			path = iOSSwift0706;
			sourceTree = "<group>";
		};
		4A44B5D91F0E020A00845C15 /* iOSSwift0706Tests */ = {
			isa = PBXGroup;
			children = (
				4A44B5DA1F0E020A00845C15 /* iOSSwift0706Tests.swift */,
				4A44B5DC1F0E020A00845C15 /* Info.plist */,
			);
			path = iOSSwift0706Tests;
			sourceTree = "<group>";
		};
		4A44B5E41F0E020A00845C15 /* iOSSwift0706UITests */ = {
			isa = PBXGroup;
			children = (
				4A44B5E51F0E020A00845C15 /* iOSSwift0706UITests.swift */,
				4A44B5E71F0E020A00845C15 /* Info.plist */,
			);
			path = iOSSwift0706UITests;
			sourceTree = "<group>";
		};
		80889E72BF102FA9FA80AE28 /* Pods */ = {
			isa = PBXGroup;
			children = (
				36E46910EF1B36B7BC28B70D /* Pods-iOSSwift0706.debug.xcconfig */,
				FA62FF0DA0B21FA0F1BAECB9 /* Pods-iOSSwift0706.release.xcconfig */,
				46B535578AE39BF26D75CE11 /* Pods-iOSSwift0706Tests.debug.xcconfig */,
				44BAB1134DF732698452C948 /* Pods-iOSSwift0706Tests.release.xcconfig */,
				49FF3A4AB799CB2EA3164AA2 /* Pods-iOSSwift0706UITests.debug.xcconfig */,
				F695BB1260E88EF192919E2C /* Pods-iOSSwift0706UITests.release.xcconfig */,
			);
			name = Pods;
			sourceTree = "<group>";
		};
/* End PBXGroup section */

/* Begin PBXNativeTarget section */
		4A44B5BF1F0E020A00845C15 /* iOSSwift0706 */ = {
			isa = PBXNativeTarget;
			buildConfigurationList = 4A44B5EA1F0E020A00845C15 /* Build configuration list for PBXNativeTarget "iOSSwift0706" */;
			buildPhases = (
				EB628359730E9A4BB7373907 /* [CP] Check Pods Manifest.lock */,
				4A44B5BC1F0E020A00845C15 /* Sources */,
				4A44B5BD1F0E020A00845C15 /* Frameworks */,
				4A44B5BE1F0E020A00845C15 /* Resources */,
				AF9430E6F2D63238A0673675 /* [CP] Embed Pods Frameworks */,
				35A164E65F0B982FCD3EDCB5 /* [CP] Copy Pods Resources */,
			);
			buildRules = (
			);
			dependencies = (
			);
			name = iOSSwift0706;
			productName = iOSSwift0706;
			productReference = 4A44B5C01F0E020A00845C15 /* iOSSwift0706.app */;
			productType = "com.apple.product-type.application";
		};
		4A44B5D51F0E020A00845C15 /* iOSSwift0706Tests */ = {
			isa = PBXNativeTarget;
			buildConfigurationList = 4A44B5ED1F0E020A00845C15 /* Build configuration list for PBXNativeTarget "iOSSwift0706Tests" */;
			buildPhases = (
				3FE60AA624638EF01B623735 /* [CP] Check Pods Manifest.lock */,
				4A44B5D21F0E020A00845C15 /* Sources */,
				4A44B5D31F0E020A00845C15 /* Frameworks */,
				4A44B5D41F0E020A00845C15 /* Resources */,
				6213608E6C876646997F9B83 /* [CP] Embed Pods Frameworks */,
				585AE53741FCCC4B303983DE /* [CP] Copy Pods Resources */,
			);
			buildRules = (
			);
			dependencies = (
				4A44B5D81F0E020A00845C15 /* PBXTargetDependency */,
			);
			name = iOSSwift0706Tests;
			productName = iOSSwift0706Tests;
			productReference = 4A44B5D61F0E020A00845C15 /* iOSSwift0706Tests.xctest */;
			productType = "com.apple.product-type.bundle.unit-test";
		};
		4A44B5E01F0E020A00845C15 /* iOSSwift0706UITests */ = {
			isa = PBXNativeTarget;
			buildConfigurationList = 4A44B5F01F0E020A00845C15 /* Build configuration list for PBXNativeTarget "iOSSwift0706UITests" */;
			buildPhases = (
				F7BBDBC7EEAD3491AF3DA50D /* [CP] Check Pods Manifest.lock */,
				4A44B5DD1F0E020A00845C15 /* Sources */,
				4A44B5DE1F0E020A00845C15 /* Frameworks */,
				4A44B5DF1F0E020A00845C15 /* Resources */,
				69279C24C6C5FC5F8F3499EA /* [CP] Embed Pods Frameworks */,
				94AB3D89D412D01DAC0DCC86 /* [CP] Copy Pods Resources */,
			);
			buildRules = (
			);
			dependencies = (
				4A44B5E31F0E020A00845C15 /* PBXTargetDependency */,
			);
			name = iOSSwift0706UITests;
			productName = iOSSwift0706UITests;
			productReference = 4A44B5E11F0E020A00845C15 /* iOSSwift0706UITests.xctest */;
			productType = "com.apple.product-type.bundle.ui-testing";
		};
/* End PBXNativeTarget section */

/* Begin PBXProject section */
		4A44B5B81F0E020A00845C15 /* Project object */ = {
			isa = PBXProject;
			attributes = {
				LastSwiftUpdateCheck = 0830;
				LastUpgradeCheck = 0830;
				ORGANIZATIONNAME = bys;
				TargetAttributes = {
					4A44B5BF1F0E020A00845C15 = {
						CreatedOnToolsVersion = 8.3.2;
						DevelopmentTeam = 3D27XEAVGH;
						ProvisioningStyle = Automatic;
						SystemCapabilities = {
							com.apple.BackgroundModes = {
								enabled = 1;
							};
							com.apple.Push = {
								enabled = 1;
							};
						};
					};
					4A44B5D51F0E020A00845C15 = {
						CreatedOnToolsVersion = 8.3.2;
						DevelopmentTeam = 3D27XEAVGH;
						ProvisioningStyle = Automatic;
						TestTargetID = 4A44B5BF1F0E020A00845C15;
					};
					4A44B5E01F0E020A00845C15 = {
						CreatedOnToolsVersion = 8.3.2;
						DevelopmentTeam = 3D27XEAVGH;
						ProvisioningStyle = Automatic;
						TestTargetID = 4A44B5BF1F0E020A00845C15;
					};
				};
			};
			buildConfigurationList = 4A44B5BB1F0E020A00845C15 /* Build configuration list for PBXProject "iOSSwift0706" */;
			compatibilityVersion = "Xcode 3.2";
			developmentRegion = English;
			hasScannedForEncodings = 0;
			knownRegions = (
				en,
				Base,
			);
			mainGroup = 4A44B5B71F0E020A00845C15;
			productRefGroup = 4A44B5C11F0E020A00845C15 /* Products */;
			projectDirPath = "";
			projectRoot = "";
			targets = (
				4A44B5BF1F0E020A00845C15 /* iOSSwift0706 */,
				4A44B5D51F0E020A00845C15 /* iOSSwift0706Tests */,
				4A44B5E01F0E020A00845C15 /* iOSSwift0706UITests */,
			);
		};
/* End PBXProject section */

/* Begin PBXResourcesBuildPhase section */
		4A44B5BE1F0E020A00845C15 /* Resources */ = {
			isa = PBXResourcesBuildPhase;
			buildActionMask = 2147483647;
			files = (
				4A44B5D01F0E020A00845C15 /* LaunchScreen.storyboard in Resources */,
				4A44B5CD1F0E020A00845C15 /* Assets.xcassets in Resources */,
				4A44B5CB1F0E020A00845C15 /* Main.storyboard in Resources */,
			);
			runOnlyForDeploymentPostprocessing = 0;
		};
		4A44B5D41F0E020A00845C15 /* Resources */ = {
			isa = PBXResourcesBuildPhase;
			buildActionMask = 2147483647;
			files = (
			);
			runOnlyForDeploymentPostprocessing = 0;
		};
		4A44B5DF1F0E020A00845C15 /* Resources */ = {
			isa = PBXResourcesBuildPhase;
			buildActionMask = 2147483647;
			files = (
			);
			runOnlyForDeploymentPostprocessing = 0;
		};
/* End PBXResourcesBuildPhase section */

/* Begin PBXShellScriptBuildPhase section */
		35A164E65F0B982FCD3EDCB5 /* [CP] Copy Pods Resources */ = {
			isa = PBXShellScriptBuildPhase;
			buildActionMask = 2147483647;
			files = (
			);
			inputPaths = (
			);
			name = "[CP] Copy Pods Resources";
			outputPaths = (
			);
			runOnlyForDeploymentPostprocessing = 0;
			shellPath = /bin/sh;
			shellScript = "\"${SRCROOT}/Pods/Target Support Files/Pods-iOSSwift0706/Pods-iOSSwift0706-resources.sh\"\n";
			showEnvVarsInLog = 0;
		};
		3FE60AA624638EF01B623735 /* [CP] Check Pods Manifest.lock */ = {
			isa = PBXShellScriptBuildPhase;
			buildActionMask = 2147483647;
			files = (
			);
			inputPaths = (
			);
			name = "[CP] Check Pods Manifest.lock";
			outputPaths = (
			);
			runOnlyForDeploymentPostprocessing = 0;
			shellPath = /bin/sh;
			shellScript = "diff \"${PODS_PODFILE_DIR_PATH}/Podfile.lock\" \"${PODS_ROOT}/Manifest.lock\" > /dev/null\nif [ $? != 0 ] ; then\n    # print error to STDERR\n    echo \"error: The sandbox is not in sync with the Podfile.lock. Run 'pod install' or update your CocoaPods installation.\" >&2\n    exit 1\nfi\n";
			showEnvVarsInLog = 0;
		};
		585AE53741FCCC4B303983DE /* [CP] Copy Pods Resources */ = {
			isa = PBXShellScriptBuildPhase;
			buildActionMask = 2147483647;
			files = (
			);
			inputPaths = (
			);
			name = "[CP] Copy Pods Resources";
			outputPaths = (
			);
			runOnlyForDeploymentPostprocessing = 0;
			shellPath = /bin/sh;
			shellScript = "\"${SRCROOT}/Pods/Target Support Files/Pods-iOSSwift0706Tests/Pods-iOSSwift0706Tests-resources.sh\"\n";
			showEnvVarsInLog = 0;
		};
		6213608E6C876646997F9B83 /* [CP] Embed Pods Frameworks */ = {
			isa = PBXShellScriptBuildPhase;
			buildActionMask = 2147483647;
			files = (
			);
			inputPaths = (
			);
			name = "[CP] Embed Pods Frameworks";
			outputPaths = (
			);
			runOnlyForDeploymentPostprocessing = 0;
			shellPath = /bin/sh;
			shellScript = "\"${SRCROOT}/Pods/Target Support Files/Pods-iOSSwift0706Tests/Pods-iOSSwift0706Tests-frameworks.sh\"\n";
			showEnvVarsInLog = 0;
		};
		69279C24C6C5FC5F8F3499EA /* [CP] Embed Pods Frameworks */ = {
			isa = PBXShellScriptBuildPhase;
			buildActionMask = 2147483647;
			files = (
			);
			inputPaths = (
			);
			name = "[CP] Embed Pods Frameworks";
			outputPaths = (
			);
			runOnlyForDeploymentPostprocessing = 0;
			shellPath = /bin/sh;
			shellScript = "\"${SRCROOT}/Pods/Target Support Files/Pods-iOSSwift0706UITests/Pods-iOSSwift0706UITests-frameworks.sh\"\n";
			showEnvVarsInLog = 0;
		};
		94AB3D89D412D01DAC0DCC86 /* [CP] Copy Pods Resources */ = {
			isa = PBXShellScriptBuildPhase;
			buildActionMask = 2147483647;
			files = (
			);
			inputPaths = (
			);
			name = "[CP] Copy Pods Resources";
			outputPaths = (
			);
			runOnlyForDeploymentPostprocessing = 0;
			shellPath = /bin/sh;
			shellScript = "\"${SRCROOT}/Pods/Target Support Files/Pods-iOSSwift0706UITests/Pods-iOSSwift0706UITests-resources.sh\"\n";
			showEnvVarsInLog = 0;
		};
		AF9430E6F2D63238A0673675 /* [CP] Embed Pods Frameworks */ = {
			isa = PBXShellScriptBuildPhase;
			buildActionMask = 2147483647;
			files = (
			);
			inputPaths = (
			);
			name = "[CP] Embed Pods Frameworks";
			outputPaths = (
			);
			runOnlyForDeploymentPostprocessing = 0;
			shellPath = /bin/sh;
			shellScript = "\"${SRCROOT}/Pods/Target Support Files/Pods-iOSSwift0706/Pods-iOSSwift0706-frameworks.sh\"\n";
			showEnvVarsInLog = 0;
		};
		EB628359730E9A4BB7373907 /* [CP] Check Pods Manifest.lock */ = {
			isa = PBXShellScriptBuildPhase;
			buildActionMask = 2147483647;
			files = (
			);
			inputPaths = (
			);
			name = "[CP] Check Pods Manifest.lock";
			outputPaths = (
			);
			runOnlyForDeploymentPostprocessing = 0;
			shellPath = /bin/sh;
			shellScript = "diff \"${PODS_PODFILE_DIR_PATH}/Podfile.lock\" \"${PODS_ROOT}/Manifest.lock\" > /dev/null\nif [ $? != 0 ] ; then\n    # print error to STDERR\n    echo \"error: The sandbox is not in sync with the Podfile.lock. Run 'pod install' or update your CocoaPods installation.\" >&2\n    exit 1\nfi\n";
			showEnvVarsInLog = 0;
		};
		F7BBDBC7EEAD3491AF3DA50D /* [CP] Check Pods Manifest.lock */ = {
			isa = PBXShellScriptBuildPhase;
			buildActionMask = 2147483647;
			files = (
			);
			inputPaths = (
			);
			name = "[CP] Check Pods Manifest.lock";
			outputPaths = (
			);
			runOnlyForDeploymentPostprocessing = 0;
			shellPath = /bin/sh;
			shellScript = "diff \"${PODS_PODFILE_DIR_PATH}/Podfile.lock\" \"${PODS_ROOT}/Manifest.lock\" > /dev/null\nif [ $? != 0 ] ; then\n    # print error to STDERR\n    echo \"error: The sandbox is not in sync with the Podfile.lock. Run 'pod install' or update your CocoaPods installation.\" >&2\n    exit 1\nfi\n";
			showEnvVarsInLog = 0;
		};
/* End PBXShellScriptBuildPhase section */

/* Begin PBXSourcesBuildPhase section */
		4A44B5BC1F0E020A00845C15 /* Sources */ = {
			isa = PBXSourcesBuildPhase;
			buildActionMask = 2147483647;
			files = (
				4A44B5C81F0E020A00845C15 /* SecondViewController.swift in Sources */,
				4A44B5C41F0E020A00845C15 /* AppDelegate.swift in Sources */,
				4A44B5C61F0E020A00845C15 /* FirstViewController.swift in Sources */,
			);
			runOnlyForDeploymentPostprocessing = 0;
		};
		4A44B5D21F0E020A00845C15 /* Sources */ = {
			isa = PBXSourcesBuildPhase;
			buildActionMask = 2147483647;
			files = (
				4A44B5DB1F0E020A00845C15 /* iOSSwift0706Tests.swift in Sources */,
			);
			runOnlyForDeploymentPostprocessing = 0;
		};
		4A44B5DD1F0E020A00845C15 /* Sources */ = {
			isa = PBXSourcesBuildPhase;
			buildActionMask = 2147483647;
			files = (
				4A44B5E61F0E020A00845C15 /* iOSSwift0706UITests.swift in Sources */,
			);
			runOnlyForDeploymentPostprocessing = 0;
		};
/* End PBXSourcesBuildPhase section */

/* Begin PBXTargetDependency section */
		4A44B5D81F0E020A00845C15 /* PBXTargetDependency */ = {
			isa = PBXTargetDependency;
			target = 4A44B5BF1F0E020A00845C15 /* iOSSwift0706 */;
			targetProxy = 4A44B5D71F0E020A00845C15 /* PBXContainerItemProxy */;
		};
		4A44B5E31F0E020A00845C15 /* PBXTargetDependency */ = {
			isa = PBXTargetDependency;
			target = 4A44B5BF1F0E020A00845C15 /* iOSSwift0706 */;
			targetProxy = 4A44B5E21F0E020A00845C15 /* PBXContainerItemProxy */;
		};
/* End PBXTargetDependency section */

/* Begin PBXVariantGroup section */
		4A44B5C91F0E020A00845C15 /* Main.storyboard */ = {
			isa = PBXVariantGroup;
			children = (
				4A44B5CA1F0E020A00845C15 /* Base */,
			);
			name = Main.storyboard;
			sourceTree = "<group>";
		};
		4A44B5CE1F0E020A00845C15 /* LaunchScreen.storyboard */ = {
			isa = PBXVariantGroup;
			children = (
				4A44B5CF1F0E020A00845C15 /* Base */,
			);
			name = LaunchScreen.storyboard;
			sourceTree = "<group>";
		};
/* End PBXVariantGroup section */

/* Begin XCBuildConfiguration section */
		4A44B5E81F0E020A00845C15 /* Debug */ = {
			isa = XCBuildConfiguration;
			buildSettings = {
				ALWAYS_SEARCH_USER_PATHS = NO;
				CLANG_ANALYZER_NONNULL = YES;
				CLANG_ANALYZER_NUMBER_OBJECT_CONVERSION = YES_AGGRESSIVE;
				CLANG_CXX_LANGUAGE_STANDARD = "gnu++0x";
				CLANG_CXX_LIBRARY = "libc++";
				CLANG_ENABLE_MODULES = YES;
				CLANG_ENABLE_OBJC_ARC = YES;
				CLANG_WARN_BOOL_CONVERSION = YES;
				CLANG_WARN_CONSTANT_CONVERSION = YES;
				CLANG_WARN_DIRECT_OBJC_ISA_USAGE = YES_ERROR;
				CLANG_WARN_DOCUMENTATION_COMMENTS = YES;
				CLANG_WARN_EMPTY_BODY = YES;
				CLANG_WARN_ENUM_CONVERSION = YES;
				CLANG_WARN_INFINITE_RECURSION = YES;
				CLANG_WARN_INT_CONVERSION = YES;
				CLANG_WARN_OBJC_ROOT_CLASS = YES_ERROR;
				CLANG_WARN_SUSPICIOUS_MOVE = YES;
				CLANG_WARN_UNREACHABLE_CODE = YES;
				CLANG_WARN__DUPLICATE_METHOD_MATCH = YES;
				"CODE_SIGN_IDENTITY[sdk=iphoneos*]" = "iPhone Developer";
				COPY_PHASE_STRIP = NO;
				DEBUG_INFORMATION_FORMAT = dwarf;
				ENABLE_STRICT_OBJC_MSGSEND = YES;
				ENABLE_TESTABILITY = YES;
				GCC_C_LANGUAGE_STANDARD = gnu99;
				GCC_DYNAMIC_NO_PIC = NO;
				GCC_NO_COMMON_BLOCKS = YES;
				GCC_OPTIMIZATION_LEVEL = 0;
				GCC_PREPROCESSOR_DEFINITIONS = (
					"DEBUG=1",
					"$(inherited)",
				);
				GCC_WARN_64_TO_32_BIT_CONVERSION = YES;
				GCC_WARN_ABOUT_RETURN_TYPE = YES_ERROR;
				GCC_WARN_UNDECLARED_SELECTOR = YES;
				GCC_WARN_UNINITIALIZED_AUTOS = YES_AGGRESSIVE;
				GCC_WARN_UNUSED_FUNCTION = YES;
				GCC_WARN_UNUSED_VARIABLE = YES;
				IPHONEOS_DEPLOYMENT_TARGET = 10.3;
				MTL_ENABLE_DEBUG_INFO = YES;
				ONLY_ACTIVE_ARCH = YES;
				SDKROOT = iphoneos;
				SWIFT_ACTIVE_COMPILATION_CONDITIONS = DEBUG;
				SWIFT_OPTIMIZATION_LEVEL = "-Onone";
				TARGETED_DEVICE_FAMILY = "1,2";
			};
			name = Debug;
		};
		4A44B5E91F0E020A00845C15 /* Release */ = {
			isa = XCBuildConfiguration;
			buildSettings = {
				ALWAYS_SEARCH_USER_PATHS = NO;
				CLANG_ANALYZER_NONNULL = YES;
				CLANG_ANALYZER_NUMBER_OBJECT_CONVERSION = YES_AGGRESSIVE;
				CLANG_CXX_LANGUAGE_STANDARD = "gnu++0x";
				CLANG_CXX_LIBRARY = "libc++";
				CLANG_ENABLE_MODULES = YES;
				CLANG_ENABLE_OBJC_ARC = YES;
				CLANG_WARN_BOOL_CONVERSION = YES;
				CLANG_WARN_CONSTANT_CONVERSION = YES;
				CLANG_WARN_DIRECT_OBJC_ISA_USAGE = YES_ERROR;
				CLANG_WARN_DOCUMENTATION_COMMENTS = YES;
				CLANG_WARN_EMPTY_BODY = YES;
				CLANG_WARN_ENUM_CONVERSION = YES;
				CLANG_WARN_INFINITE_RECURSION = YES;
				CLANG_WARN_INT_CONVERSION = YES;
				CLANG_WARN_OBJC_ROOT_CLASS = YES_ERROR;
				CLANG_WARN_SUSPICIOUS_MOVE = YES;
				CLANG_WARN_UNREACHABLE_CODE = YES;
				CLANG_WARN__DUPLICATE_METHOD_MATCH = YES;
				"CODE_SIGN_IDENTITY[sdk=iphoneos*]" = "iPhone Developer";
				COPY_PHASE_STRIP = NO;
				DEBUG_INFORMATION_FORMAT = "dwarf-with-dsym";
				ENABLE_NS_ASSERTIONS = NO;
				ENABLE_STRICT_OBJC_MSGSEND = YES;
				GCC_C_LANGUAGE_STANDARD = gnu99;
				GCC_NO_COMMON_BLOCKS = YES;
				GCC_WARN_64_TO_32_BIT_CONVERSION = YES;
				GCC_WARN_ABOUT_RETURN_TYPE = YES_ERROR;
				GCC_WARN_UNDECLARED_SELECTOR = YES;
				GCC_WARN_UNINITIALIZED_AUTOS = YES_AGGRESSIVE;
				GCC_WARN_UNUSED_FUNCTION = YES;
				GCC_WARN_UNUSED_VARIABLE = YES;
				IPHONEOS_DEPLOYMENT_TARGET = 10.3;
				MTL_ENABLE_DEBUG_INFO = NO;
				SDKROOT = iphoneos;
				SWIFT_OPTIMIZATION_LEVEL = "-Owholemodule";
				TARGETED_DEVICE_FAMILY = "1,2";
				VALIDATE_PRODUCT = YES;
			};
			name = Release;
		};
		4A44B5EB1F0E020A00845C15 /* Debug */ = {
			isa = XCBuildConfiguration;
			baseConfigurationReference = 36E46910EF1B36B7BC28B70D /* Pods-iOSSwift0706.debug.xcconfig */;
			buildSettings = {
				ASSETCATALOG_COMPILER_APPICON_NAME = AppIcon;
				CODE_SIGN_ENTITLEMENTS = iOSSwift0706/iOSSwift0706.entitlements;
				DEVELOPMENT_TEAM = 3D27XEAVGH;
				INFOPLIST_FILE = iOSSwift0706/Info.plist;
				LD_RUNPATH_SEARCH_PATHS = "$(inherited) @executable_path/Frameworks";
				PRODUCT_BUNDLE_IDENTIFIER = qw.iOSSwift0706;
				PRODUCT_NAME = "$(TARGET_NAME)";
				SWIFT_VERSION = 3.0;
			};
			name = Debug;
		};
		4A44B5EC1F0E020A00845C15 /* Release */ = {
			isa = XCBuildConfiguration;
			baseConfigurationReference = FA62FF0DA0B21FA0F1BAECB9 /* Pods-iOSSwift0706.release.xcconfig */;
			buildSettings = {
				ASSETCATALOG_COMPILER_APPICON_NAME = AppIcon;
				CODE_SIGN_ENTITLEMENTS = iOSSwift0706/iOSSwift0706.entitlements;
				DEVELOPMENT_TEAM = 3D27XEAVGH;
				INFOPLIST_FILE = iOSSwift0706/Info.plist;
				LD_RUNPATH_SEARCH_PATHS = "$(inherited) @executable_path/Frameworks";
				PRODUCT_BUNDLE_IDENTIFIER = qw.iOSSwift0706;
				PRODUCT_NAME = "$(TARGET_NAME)";
				SWIFT_VERSION = 3.0;
			};
			name = Release;
		};
		4A44B5EE1F0E020A00845C15 /* Debug */ = {
			isa = XCBuildConfiguration;
			baseConfigurationReference = 46B535578AE39BF26D75CE11 /* Pods-iOSSwift0706Tests.debug.xcconfig */;
			buildSettings = {
				ALWAYS_EMBED_SWIFT_STANDARD_LIBRARIES = YES;
				BUNDLE_LOADER = "$(TEST_HOST)";
				DEVELOPMENT_TEAM = 3D27XEAVGH;
				INFOPLIST_FILE = iOSSwift0706Tests/Info.plist;
				LD_RUNPATH_SEARCH_PATHS = "$(inherited) @executable_path/Frameworks @loader_path/Frameworks";
				PRODUCT_BUNDLE_IDENTIFIER = qw.iOSSwift0706Tests;
				PRODUCT_NAME = "$(TARGET_NAME)";
				SWIFT_VERSION = 3.0;
				TEST_HOST = "$(BUILT_PRODUCTS_DIR)/iOSSwift0706.app/iOSSwift0706";
			};
			name = Debug;
		};
		4A44B5EF1F0E020A00845C15 /* Release */ = {
			isa = XCBuildConfiguration;
			baseConfigurationReference = 44BAB1134DF732698452C948 /* Pods-iOSSwift0706Tests.release.xcconfig */;
			buildSettings = {
				ALWAYS_EMBED_SWIFT_STANDARD_LIBRARIES = YES;
				BUNDLE_LOADER = "$(TEST_HOST)";
				DEVELOPMENT_TEAM = 3D27XEAVGH;
				INFOPLIST_FILE = iOSSwift0706Tests/Info.plist;
				LD_RUNPATH_SEARCH_PATHS = "$(inherited) @executable_path/Frameworks @loader_path/Frameworks";
				PRODUCT_BUNDLE_IDENTIFIER = qw.iOSSwift0706Tests;
				PRODUCT_NAME = "$(TARGET_NAME)";
				SWIFT_VERSION = 3.0;
				TEST_HOST = "$(BUILT_PRODUCTS_DIR)/iOSSwift0706.app/iOSSwift0706";
			};
			name = Release;
		};
		4A44B5F11F0E020A00845C15 /* Debug */ = {
			isa = XCBuildConfiguration;
			baseConfigurationReference = 49FF3A4AB799CB2EA3164AA2 /* Pods-iOSSwift0706UITests.debug.xcconfig */;
			buildSettings = {
				ALWAYS_EMBED_SWIFT_STANDARD_LIBRARIES = YES;
				DEVELOPMENT_TEAM = 3D27XEAVGH;
				INFOPLIST_FILE = iOSSwift0706UITests/Info.plist;
				LD_RUNPATH_SEARCH_PATHS = "$(inherited) @executable_path/Frameworks @loader_path/Frameworks";
				PRODUCT_BUNDLE_IDENTIFIER = qw.iOSSwift0706UITests;
				PRODUCT_NAME = "$(TARGET_NAME)";
				SWIFT_VERSION = 3.0;
				TEST_TARGET_NAME = iOSSwift0706;
			};
			name = Debug;
		};
		4A44B5F21F0E020A00845C15 /* Release */ = {
			isa = XCBuildConfiguration;
			baseConfigurationReference = F695BB1260E88EF192919E2C /* Pods-iOSSwift0706UITests.release.xcconfig */;
			buildSettings = {
				ALWAYS_EMBED_SWIFT_STANDARD_LIBRARIES = YES;
				DEVELOPMENT_TEAM = 3D27XEAVGH;
				INFOPLIST_FILE = iOSSwift0706UITests/Info.plist;
				LD_RUNPATH_SEARCH_PATHS = "$(inherited) @executable_path/Frameworks @loader_path/Frameworks";
				PRODUCT_BUNDLE_IDENTIFIER = qw.iOSSwift0706UITests;
				PRODUCT_NAME = "$(TARGET_NAME)";
				SWIFT_VERSION = 3.0;
				TEST_TARGET_NAME = iOSSwift0706;
			};
			name = Release;
		};
/* End XCBuildConfiguration section */

/* Begin XCConfigurationList section */
		4A44B5BB1F0E020A00845C15 /* Build configuration list for PBXProject "iOSSwift0706" */ = {
			isa = XCConfigurationList;
			buildConfigurations = (
				4A44B5E81F0E020A00845C15 /* Debug */,
				4A44B5E91F0E020A00845C15 /* Release */,
			);
			defaultConfigurationIsVisible = 0;
			defaultConfigurationName = Release;
		};
		4A44B5EA1F0E020A00845C15 /* Build configuration list for PBXNativeTarget "iOSSwift0706" */ = {
			isa = XCConfigurationList;
			buildConfigurations = (
				4A44B5EB1F0E020A00845C15 /* Debug */,
				4A44B5EC1F0E020A00845C15 /* Release */,
			);
			defaultConfigurationIsVisible = 0;
			defaultConfigurationName = Release;
		};
		4A44B5ED1F0E020A00845C15 /* Build configuration list for PBXNativeTarget "iOSSwift0706Tests" */ = {
			isa = XCConfigurationList;
			buildConfigurations = (
				4A44B5EE1F0E020A00845C15 /* Debug */,
				4A44B5EF1F0E020A00845C15 /* Release */,
			);
			defaultConfigurationIsVisible = 0;
			defaultConfigurationName = Release;
		};
		4A44B5F01F0E020A00845C15 /* Build configuration list for PBXNativeTarget "iOSSwift0706UITests" */ = {
			isa = XCConfigurationList;
			buildConfigurations = (
				4A44B5F11F0E020A00845C15 /* Debug */,
				4A44B5F21F0E020A00845C15 /* Release */,
			);
			defaultConfigurationIsVisible = 0;
			defaultConfigurationName = Release;
		};
/* End XCConfigurationList section */
	};
	rootObject = 4A44B5B81F0E020A00845C15 /* Project object */;
}
